
Microsoft Visual Studio Solution File, Format Version 12.00
# Visual Studio Version 16
VisualStudioVersion = 16.0.31911.196
MinimumVisualStudioVersion = 10.0.40219.1
Project("{FAE04EC0-301F-11D3-BF4B-00C04F79EFBC}") = "EkiSen", "EkiSen\EkiSen.csproj", "{CB1D9654-8547-4479-8D58-0246FBBA047B}"
EndProject
Global
	GlobalSection(SolutionConfigurationPlatforms) = preSolution
		Debug|Any CPU = Debug|Any CPU
		Release|Any CPU = Release|Any CPU
	EndGlobalSection
	GlobalSection(ProjectConfigurationPlatforms) = postSolution
		{CB1D9654-8547-4479-8D58-0246FBBA047B}.Debug|Any CPU.ActiveCfg = Debug|Any CPU
		{CB1D9654-8547-4479-8D58-0246FBBA047B}.Debug|Any CPU.Build.0 = Debug|Any CPU
		{CB1D9654-8547-4479-8D58-0246FBBA047B}.Release|Any CPU.ActiveCfg = Release|Any CPU
		{CB1D9654-8547-4479-8D58-0246FBBA047B}.Release|Any CPU.Build.0 = Release|Any CPU
	EndGlobalSection
	GlobalSection(SolutionProperties) = preSolution
		HideSolutionNode = FALSE
	EndGlobalSection
	GlobalSection(ExtensibilityGlobals) = postSolution
		SolutionGuid = {06A9FC6B-0029-4D8D-9911-887B869A4599}
	EndGlobalSection
EndGlobal
